// !$*UTF8*$!
{
	archiveVersion = 1;
	classes = {
	};
	objectVersion = 48;
	objects = {

/* Begin PBXBuildFile section */
		82BACB541FC4EA320004CFDA /* AppDelegate.swift in Sources */ = {isa = PBXBuildFile; fileRef = 82BACB531FC4EA320004CFDA /* AppDelegate.swift */; };
		82BACB561FC4EA320004CFDA /* RootTableViewController.swift in Sources */ = {isa = PBXBuildFile; fileRef = 82BACB551FC4EA320004CFDA /* RootTableViewController.swift */; };
		82BACB591FC4EA320004CFDA /* Main.storyboard in Resources */ = {isa = PBXBuildFile; fileRef = 82BACB571FC4EA320004CFDA /* Main.storyboard */; };
		82BACB5B1FC4EA320004CFDA /* Assets.xcassets in Resources */ = {isa = PBXBuildFile; fileRef = 82BACB5A1FC4EA320004CFDA /* Assets.xcassets */; };
		82BACB691FC4ED190004CFDA /* Harp.plist in Resources */ = {isa = PBXBuildFile; fileRef = 82BACB651FC4ED190004CFDA /* Harp.plist */; };
		82BACB6A1FC4ED190004CFDA /* Tiger.plist in Resources */ = {isa = PBXBuildFile; fileRef = 82BACB661FC4ED190004CFDA /* Tiger.plist */; };
		82BACB6B1FC4ED190004CFDA /* Stranger.plist in Resources */ = {isa = PBXBuildFile; fileRef = 82BACB671FC4ED190004CFDA /* Stranger.plist */; };
		82BACB6C1FC4ED190004CFDA /* HauntedHouse.plist in Resources */ = {isa = PBXBuildFile; fileRef = 82BACB681FC4ED190004CFDA /* HauntedHouse.plist */; };
		82BACB6E1FC4ED860004CFDA /* Adventure.swift in Sources */ = {isa = PBXBuildFile; fileRef = 82BACB6D1FC4ED860004CFDA /* Adventure.swift */; };
		82BACB701FC4EDC50004CFDA /* Credits.swift in Sources */ = {isa = PBXBuildFile; fileRef = 82BACB6F1FC4EDC50004CFDA /* Credits.swift */; };
		82BACB721FC4EDFB0004CFDA /* StoryNode.swift in Sources */ = {isa = PBXBuildFile; fileRef = 82BACB711FC4EDFB0004CFDA /* StoryNode.swift */; };
		82BACB741FC4EE230004CFDA /* Connection.swift in Sources */ = {isa = PBXBuildFile; fileRef = 82BACB731FC4EE230004CFDA /* Connection.swift */; };
		82BACB7B1FC4F1660004CFDA /* StoryNodeViewController.swift in Sources */ = {isa = PBXBuildFile; fileRef = 82BACB7A1FC4F1660004CFDA /* StoryNodeViewController.swift */; };
/* End PBXBuildFile section */

/* Begin PBXFileReference section */
		82BACB501FC4EA320004CFDA /* StoryAdventure.app */ = {isa = PBXFileReference; explicitFileType = wrapper.application; includeInIndex = 0; path = StoryAdventure.app; sourceTree = BUILT_PRODUCTS_DIR; };
		82BACB531FC4EA320004CFDA /* AppDelegate.swift */ = {isa = PBXFileReference; lastKnownFileType = sourcecode.swift; path = AppDelegate.swift; sourceTree = "<group>"; };
		82BACB551FC4EA320004CFDA /* RootTableViewController.swift */ = {isa = PBXFileReference; lastKnownFileType = sourcecode.swift; path = RootTableViewController.swift; sourceTree = "<group>"; };
		82BACB581FC4EA320004CFDA /* Base */ = {isa = PBXFileReference; lastKnownFileType = file.storyboard; name = Base; path = Base.lproj/Main.storyboard; sourceTree = "<group>"; };
		82BACB5A1FC4EA320004CFDA /* Assets.xcassets */ = {isa = PBXFileReference; lastKnownFileType = folder.assetcatalog; path = Assets.xcassets; sourceTree = "<group>"; };
		82BACB5F1FC4EA320004CFDA /* Info.plist */ = {isa = PBXFileReference; lastKnownFileType = text.plist.xml; path = Info.plist; sourceTree = "<group>"; };
		82BACB651FC4ED190004CFDA /* Harp.plist */ = {isa = PBXFileReference; fileEncoding = 4; lastKnownFileType = text.plist.xml; path = Harp.plist; sourceTree = "<group>"; };
		82BACB661FC4ED190004CFDA /* Tiger.plist */ = {isa = PBXFileReference; fileEncoding = 4; lastKnownFileType = text.plist.xml; path = Tiger.plist; sourceTree = "<group>"; };
		82BACB671FC4ED190004CFDA /* Stranger.plist */ = {isa = PBXFileReference; fileEncoding = 4; lastKnownFileType = text.plist.xml; path = Stranger.plist; sourceTree = "<group>"; };
		82BACB681FC4ED190004CFDA /* HauntedHouse.plist */ = {isa = PBXFileReference; fileEncoding = 4; lastKnownFileType = text.plist.xml; path = HauntedHouse.plist; sourceTree = "<group>"; };
		82BACB6D1FC4ED860004CFDA /* Adventure.swift */ = {isa = PBXFileReference; lastKnownFileType = sourcecode.swift; path = Adventure.swift; sourceTree = "<group>"; };
		82BACB6F1FC4EDC50004CFDA /* Credits.swift */ = {isa = PBXFileReference; lastKnownFileType = sourcecode.swift; path = Credits.swift; sourceTree = "<group>"; };
		82BACB711FC4EDFB0004CFDA /* StoryNode.swift */ = {isa = PBXFileReference; lastKnownFileType = sourcecode.swift; path = StoryNode.swift; sourceTree = "<group>"; };
		82BACB731FC4EE230004CFDA /* Connection.swift */ = {isa = PBXFileReference; lastKnownFileType = sourcecode.swift; path = Connection.swift; sourceTree = "<group>"; };
		82BACB7A1FC4F1660004CFDA /* StoryNodeViewController.swift */ = {isa = PBXFileReference; lastKnownFileType = sourcecode.swift; path = StoryNodeViewController.swift; sourceTree = "<group>"; };
/* End PBXFileReference section */

/* Begin PBXFrameworksBuildPhase section */
		82BACB4D1FC4EA320004CFDA /* Frameworks */ = {
			isa = PBXFrameworksBuildPhase;
			buildActionMask = 2147483647;
			files = (
			);
			runOnlyForDeploymentPostprocessing = 0;
		};
/* End PBXFrameworksBuildPhase section */

/* Begin PBXGroup section */
		82BACB471FC4EA320004CFDA = {
			isa = PBXGroup;
			children = (
				82BACB521FC4EA320004CFDA /* StoryAdventure */,
				82BACB511FC4EA320004CFDA /* Products */,
			);
			sourceTree = "<group>";
		};
		82BACB511FC4EA320004CFDA /* Products */ = {
			isa = PBXGroup;
			children = (
				82BACB501FC4EA320004CFDA /* StoryAdventure.app */,
			);
			name = Products;
			sourceTree = "<group>";
		};
		82BACB521FC4EA320004CFDA /* StoryAdventure */ = {
			isa = PBXGroup;
			children = (
				82BACB771FC4EF3B0004CFDA /* Model */,
				82BACB531FC4EA320004CFDA /* AppDelegate.swift */,
				82BACB551FC4EA320004CFDA /* RootTableViewController.swift */,
				82BACB571FC4EA320004CFDA /* Main.storyboard */,
				82BACB7A1FC4F1660004CFDA /* StoryNodeViewController.swift */,
				82BACB5A1FC4EA320004CFDA /* Assets.xcassets */,
				82BACB5F1FC4EA320004CFDA /* Info.plist */,
				82BACB791FC4EFA50004CFDA /* Supporting Files */,
			);
			path = StoryAdventure;
			sourceTree = "<group>";
		};
		82BACB771FC4EF3B0004CFDA /* Model */ = {
			isa = PBXGroup;
			children = (
				82BACB6D1FC4ED860004CFDA /* Adventure.swift */,
				82BACB6F1FC4EDC50004CFDA /* Credits.swift */,
				82BACB711FC4EDFB0004CFDA /* StoryNode.swift */,
				82BACB731FC4EE230004CFDA /* Connection.swift */,
			);
			name = Model;
			sourceTree = "<group>";
		};
		82BACB791FC4EFA50004CFDA /* Supporting Files */ = {
			isa = PBXGroup;
			children = (
				82BACB651FC4ED190004CFDA /* Harp.plist */,
				82BACB681FC4ED190004CFDA /* HauntedHouse.plist */,
				82BACB671FC4ED190004CFDA /* Stranger.plist */,
				82BACB661FC4ED190004CFDA /* Tiger.plist */,
			);
			name = "Supporting Files";
			sourceTree = "<group>";
		};
/* End PBXGroup section */

/* Begin PBXNativeTarget section */
		82BACB4F1FC4EA320004CFDA /* StoryAdventure */ = {
			isa = PBXNativeTarget;
			buildConfigurationList = 82BACB621FC4EA320004CFDA /* Build configuration list for PBXNativeTarget "StoryAdventure" */;
			buildPhases = (
				82BACB4C1FC4EA320004CFDA /* Sources */,
				82BACB4D1FC4EA320004CFDA /* Frameworks */,
				82BACB4E1FC4EA320004CFDA /* Resources */,
			);
			buildRules = (
			);
			dependencies = (
			);
			name = StoryAdventure;
			productName = StoryAdventure;
			productReference = 82BACB501FC4EA320004CFDA /* StoryAdventure.app */;
			productType = "com.apple.product-type.application";
		};
/* End PBXNativeTarget section */

/* Begin PBXProject section */
		82BACB481FC4EA320004CFDA /* Project object */ = {
			isa = PBXProject;
			attributes = {
				LastSwiftUpdateCheck = 0910;
				LastUpgradeCheck = 0910;
				ORGANIZATIONNAME = xengar;
				TargetAttributes = {
					82BACB4F1FC4EA320004CFDA = {
						CreatedOnToolsVersion = 9.1;
						ProvisioningStyle = Automatic;
					};
				};
			};
			buildConfigurationList = 82BACB4B1FC4EA320004CFDA /* Build configuration list for PBXProject "StoryAdventure" */;
			compatibilityVersion = "Xcode 8.0";
			developmentRegion = en;
			hasScannedForEncodings = 0;
			knownRegions = (
				en,
				Base,
			);
			mainGroup = 82BACB471FC4EA320004CFDA;
			productRefGroup = 82BACB511FC4EA320004CFDA /* Products */;
			projectDirPath = "";
			projectRoot = "";
			targets = (
				82BACB4F1FC4EA320004CFDA /* StoryAdventure */,
			);
		};
/* End PBXProject section */

/* Begin PBXResourcesBuildPhase section */
		82BACB4E1FC4EA320004CFDA /* Resources */ = {
			isa = PBXResourcesBuildPhase;
			buildActionMask = 2147483647;
			files = (
				82BACB6B1FC4ED190004CFDA /* Stranger.plist in Resources */,
				82BACB6C1FC4ED190004CFDA /* HauntedHouse.plist in Resources */,
				82BACB5B1FC4EA320004CFDA /* Assets.xcassets in Resources */,
				82BACB591FC4EA320004CFDA /* Main.storyboard in Resources */,
				82BACB691FC4ED190004CFDA /* Harp.plist in Resources */,
				82BACB6A1FC4ED190004CFDA /* Tiger.plist in Resources */,
			);
			runOnlyForDeploymentPostprocessing = 0;
		};
/* End PBXResourcesBuildPhase section */

/* Begin PBXSourcesBuildPhase section */
		82BACB4C1FC4EA320004CFDA /* Sources */ = {
			isa = PBXSourcesBuildPhase;
			buildActionMask = 2147483647;
			files = (
				82BACB7B1FC4F1660004CFDA /* StoryNodeViewController.swift in Sources */,
				82BACB561FC4EA320004CFDA /* RootTableViewController.swift in Sources */,
				82BACB741FC4EE230004CFDA /* Connection.swift in Sources */,
				82BACB721FC4EDFB0004CFDA /* StoryNode.swift in Sources */,
				82BACB6E1FC4ED860004CFDA /* Adventure.swift in Sources */,
				82BACB701FC4EDC50004CFDA /* Credits.swift in Sources */,
				82BACB541FC4EA320004CFDA /* AppDelegate.swift in Sources */,
			);
			runOnlyForDeploymentPostprocessing = 0;
		};
/* End PBXSourcesBuildPhase section */

/* Begin PBXVariantGroup section */
		82BACB571FC4EA320004CFDA /* Main.storyboard */ = {
			isa = PBXVariantGroup;
			children = (
				82BACB581FC4EA320004CFDA /* Base */,
			);
			name = Main.storyboard;
			sourceTree = "<group>";
		};
/* End PBXVariantGroup section */

/* Begin XCBuildConfiguration section */
		82BACB601FC4EA320004CFDA /* Debug */ = {
			isa = XCBuildConfiguration;
			buildSettings = {
				ALWAYS_SEARCH_USER_PATHS = NO;
				CLANG_ANALYZER_NONNULL = YES;
				CLANG_ANALYZER_NUMBER_OBJECT_CONVERSION = YES_AGGRESSIVE;
				CLANG_CXX_LANGUAGE_STANDARD = "gnu++14";
				CLANG_CXX_LIBRARY = "libc++";
				CLANG_ENABLE_MODULES = YES;
				CLANG_ENABLE_OBJC_ARC = YES;
				CLANG_WARN_BLOCK_CAPTURE_AUTORELEASING = YES;
				CLANG_WARN_BOOL_CONVERSION = YES;
				CLANG_WARN_COMMA = YES;
				CLANG_WARN_CONSTANT_CONVERSION = YES;
				CLANG_WARN_DIRECT_OBJC_ISA_USAGE = YES_ERROR;
				CLANG_WARN_DOCUMENTATION_COMMENTS = YES;
				CLANG_WARN_EMPTY_BODY = YES;
				CLANG_WARN_ENUM_CONVERSION = YES;
				CLANG_WARN_INFINITE_RECURSION = YES;
				CLANG_WARN_INT_CONVERSION = YES;
				CLANG_WARN_NON_LITERAL_NULL_CONVERSION = YES;
				CLANG_WARN_OBJC_LITERAL_CONVERSION = YES;
				CLANG_WARN_OBJC_ROOT_CLASS = YES_ERROR;
				CLANG_WARN_RANGE_LOOP_ANALYSIS = YES;
				CLANG_WARN_STRICT_PROTOTYPES = YES;
				CLANG_WARN_SUSPICIOUS_MOVE = YES;
				CLANG_WARN_UNGUARDED_AVAILABILITY = YES_AGGRESSIVE;
				CLANG_WARN_UNREACHABLE_CODE = YES;
				CLANG_WARN__DUPLICATE_METHOD_MATCH = YES;
				CODE_SIGN_IDENTITY = "iPhone Developer";
				COPY_PHASE_STRIP = NO;
				DEBUG_INFORMATION_FORMAT = dwarf;
				ENABLE_STRICT_OBJC_MSGSEND = YES;
				ENABLE_TESTABILITY = YES;
				GCC_C_LANGUAGE_STANDARD = gnu11;
				GCC_DYNAMIC_NO_PIC = NO;
				GCC_NO_COMMON_BLOCKS = YES;
				GCC_OPTIMIZATION_LEVEL = 0;
				GCC_PREPROCESSOR_DEFINITIONS = (
					"DEBUG=1",
					"$(inherited)",
				);
				GCC_WARN_64_TO_32_BIT_CONVERSION = YES;
				GCC_WARN_ABOUT_RETURN_TYPE = YES_ERROR;
				GCC_WARN_UNDECLARED_SELECTOR = YES;
				GCC_WARN_UNINITIALIZED_AUTOS = YES_AGGRESSIVE;
				GCC_WARN_UNUSED_FUNCTION = YES;
				GCC_WARN_UNUSED_VARIABLE = YES;
				IPHONEOS_DEPLOYMENT_TARGET = 11.1;
				MTL_ENABLE_DEBUG_INFO = YES;
				ONLY_ACTIVE_ARCH = YES;
				SDKROOT = iphoneos;
				SWIFT_ACTIVE_COMPILATION_CONDITIONS = DEBUG;
				SWIFT_OPTIMIZATION_LEVEL = "-Onone";
			};
			name = Debug;
		};
		82BACB611FC4EA320004CFDA /* Release */ = {
			isa = XCBuildConfiguration;
			buildSettings = {
				ALWAYS_SEARCH_USER_PATHS = NO;
				CLANG_ANALYZER_NONNULL = YES;
				CLANG_ANALYZER_NUMBER_OBJECT_CONVERSION = YES_AGGRESSIVE;
				CLANG_CXX_LANGUAGE_STANDARD = "gnu++14";
				CLANG_CXX_LIBRARY = "libc++";
				CLANG_ENABLE_MODULES = YES;
				CLANG_ENABLE_OBJC_ARC = YES;
				CLANG_WARN_BLOCK_CAPTURE_AUTORELEASING = YES;
				CLANG_WARN_BOOL_CONVERSION = YES;
				CLANG_WARN_COMMA = YES;
				CLANG_WARN_CONSTANT_CONVERSION = YES;
				CLANG_WARN_DIRECT_OBJC_ISA_USAGE = YES_ERROR;
				CLANG_WARN_DOCUMENTATION_COMMENTS = YES;
				CLANG_WARN_EMPTY_BODY = YES;
				CLANG_WARN_ENUM_CONVERSION = YES;
				CLANG_WARN_INFINITE_RECURSION = YES;
				CLANG_WARN_INT_CONVERSION = YES;
				CLANG_WARN_NON_LITERAL_NULL_CONVERSION = YES;
				CLANG_WARN_OBJC_LITERAL_CONVERSION = YES;
				CLANG_WARN_OBJC_ROOT_CLASS = YES_ERROR;
				CLANG_WARN_RANGE_LOOP_ANALYSIS = YES;
				CLANG_WARN_STRICT_PROTOTYPES = YES;
				CLANG_WARN_SUSPICIOUS_MOVE = YES;
				CLANG_WARN_UNGUARDED_AVAILABILITY = YES_AGGRESSIVE;
				CLANG_WARN_UNREACHABLE_CODE = YES;
				CLANG_WARN__DUPLICATE_METHOD_MATCH = YES;
				CODE_SIGN_IDENTITY = "iPhone Developer";
				COPY_PHASE_STRIP = NO;
				DEBUG_INFORMATION_FORMAT = "dwarf-with-dsym";
				ENABLE_NS_ASSERTIONS = NO;
				ENABLE_STRICT_OBJC_MSGSEND = YES;
				GCC_C_LANGUAGE_STANDARD = gnu11;
				GCC_NO_COMMON_BLOCKS = YES;
				GCC_WARN_64_TO_32_BIT_CONVERSION = YES;
				GCC_WARN_ABOUT_RETURN_TYPE = YES_ERROR;
				GCC_WARN_UNDECLARED_SELECTOR = YES;
				GCC_WARN_UNINITIALIZED_AUTOS = YES_AGGRESSIVE;
				GCC_WARN_UNUSED_FUNCTION = YES;
				GCC_WARN_UNUSED_VARIABLE = YES;
				IPHONEOS_DEPLOYMENT_TARGET = 11.1;
				MTL_ENABLE_DEBUG_INFO = NO;
				SDKROOT = iphoneos;
				SWIFT_OPTIMIZATION_LEVEL = "-Owholemodule";
				VALIDATE_PRODUCT = YES;
			};
			name = Release;
		};
		82BACB631FC4EA320004CFDA /* Debug */ = {
			isa = XCBuildConfiguration;
			buildSettings = {
				ASSETCATALOG_COMPILER_APPICON_NAME = AppIcon;
				CODE_SIGN_STYLE = Automatic;
				INFOPLIST_FILE = StoryAdventure/Info.plist;
				LD_RUNPATH_SEARCH_PATHS = "$(inherited) @executable_path/Frameworks";
				PRODUCT_BUNDLE_IDENTIFIER = com.xengar.ios.StoryAdventure;
				PRODUCT_NAME = "$(TARGET_NAME)";
				SWIFT_VERSION = 4.0;
				TARGETED_DEVICE_FAMILY = "1,2";
			};
			name = Debug;
		};
		82BACB641FC4EA320004CFDA /* Release */ = {
			isa = XCBuildConfiguration;
			buildSettings = {
				ASSETCATALOG_COMPILER_APPICON_NAME = AppIcon;
				CODE_SIGN_STYLE = Automatic;
				INFOPLIST_FILE = StoryAdventure/Info.plist;
				LD_RUNPATH_SEARCH_PATHS = "$(inherited) @executable_path/Frameworks";
				PRODUCT_BUNDLE_IDENTIFIER = com.xengar.ios.StoryAdventure;
				PRODUCT_NAME = "$(TARGET_NAME)";
				SWIFT_VERSION = 4.0;
				TARGETED_DEVICE_FAMILY = "1,2";
			};
			name = Release;
		};
/* End XCBuildConfiguration section */

/* Begin XCConfigurationList section */
		82BACB4B1FC4EA320004CFDA /* Build configuration list for PBXProject "StoryAdventure" */ = {
			isa = XCConfigurationList;
			buildConfigurations = (
				82BACB601FC4EA320004CFDA /* Debug */,
				82BACB611FC4EA320004CFDA /* Release */,
			);
			defaultConfigurationIsVisible = 0;
			defaultConfigurationName = Release;
		};
		82BACB621FC4EA320004CFDA /* Build configuration list for PBXNativeTarget "StoryAdventure" */ = {
			isa = XCConfigurationList;
			buildConfigurations = (
				82BACB631FC4EA320004CFDA /* Debug */,
				82BACB641FC4EA320004CFDA /* Release */,
			);
			defaultConfigurationIsVisible = 0;
			defaultConfigurationName = Release;
		};
/* End XCConfigurationList section */
	};
	rootObject = 82BACB481FC4EA320004CFDA /* Project object */;
}
